// !$*UTF8*$!
{
	archiveVersion = 1;
	classes = {
	};
	objectVersion = 50;
	objects = {

/* Begin PBXBuildFile section */
		DC0D46D2238667E300AB732E /* LoginViewController.swift in Sources */ = {isa = PBXBuildFile; fileRef = DC0D46D1238667E300AB732E /* LoginViewController.swift */; };
		DC0D46D62386783100AB732E /* SignupViewController.swift in Sources */ = {isa = PBXBuildFile; fileRef = DC0D46D52386783100AB732E /* SignupViewController.swift */; };
		DC1707B2238258A100542077 /* CustomNavController.swift in Sources */ = {isa = PBXBuildFile; fileRef = DC1707B1238258A100542077 /* CustomNavController.swift */; };
		DCC70310237B6E8800BE473B /* AppDelegate.swift in Sources */ = {isa = PBXBuildFile; fileRef = DCC7030F237B6E8800BE473B /* AppDelegate.swift */; };
		DCC70312237B6E8800BE473B /* SceneDelegate.swift in Sources */ = {isa = PBXBuildFile; fileRef = DCC70311237B6E8800BE473B /* SceneDelegate.swift */; };
		DCC70319237B6E8800BE473B /* Assets.xcassets in Resources */ = {isa = PBXBuildFile; fileRef = DCC70318237B6E8800BE473B /* Assets.xcassets */; };
		DCC7031C237B6E8800BE473B /* LaunchScreen.storyboard in Resources */ = {isa = PBXBuildFile; fileRef = DCC7031A237B6E8800BE473B /* LaunchScreen.storyboard */; };
		DCC70324237B70E000BE473B /* Main.storyboard in Resources */ = {isa = PBXBuildFile; fileRef = DCC70323237B70E000BE473B /* Main.storyboard */; };
		DCC70328237B972500BE473B /* HomeViewController.swift in Sources */ = {isa = PBXBuildFile; fileRef = DCC70327237B972500BE473B /* HomeViewController.swift */; };
/* End PBXBuildFile section */

/* Begin PBXFileReference section */
		DC0D46D1238667E300AB732E /* LoginViewController.swift */ = {isa = PBXFileReference; lastKnownFileType = sourcecode.swift; path = LoginViewController.swift; sourceTree = "<group>"; };
		DC0D46D52386783100AB732E /* SignupViewController.swift */ = {isa = PBXFileReference; lastKnownFileType = sourcecode.swift; path = SignupViewController.swift; sourceTree = "<group>"; };
		DC1707B1238258A100542077 /* CustomNavController.swift */ = {isa = PBXFileReference; lastKnownFileType = sourcecode.swift; path = CustomNavController.swift; sourceTree = "<group>"; };
		DCC7030C237B6E8800BE473B /* ParticipApp.app */ = {isa = PBXFileReference; explicitFileType = wrapper.application; includeInIndex = 0; path = ParticipApp.app; sourceTree = BUILT_PRODUCTS_DIR; };
		DCC7030F237B6E8800BE473B /* AppDelegate.swift */ = {isa = PBXFileReference; lastKnownFileType = sourcecode.swift; path = AppDelegate.swift; sourceTree = "<group>"; };
		DCC70311237B6E8800BE473B /* SceneDelegate.swift */ = {isa = PBXFileReference; lastKnownFileType = sourcecode.swift; path = SceneDelegate.swift; sourceTree = "<group>"; };
		DCC70318237B6E8800BE473B /* Assets.xcassets */ = {isa = PBXFileReference; lastKnownFileType = folder.assetcatalog; path = Assets.xcassets; sourceTree = "<group>"; };
		DCC7031B237B6E8800BE473B /* Base */ = {isa = PBXFileReference; lastKnownFileType = file.storyboard; name = Base; path = Base.lproj/LaunchScreen.storyboard; sourceTree = "<group>"; };
		DCC7031D237B6E8800BE473B /* Info.plist */ = {isa = PBXFileReference; lastKnownFileType = text.plist.xml; path = Info.plist; sourceTree = "<group>"; };
		DCC70323237B70E000BE473B /* Main.storyboard */ = {isa = PBXFileReference; fileEncoding = 4; lastKnownFileType = file.storyboard; path = Main.storyboard; sourceTree = "<group>"; };
		DCC70327237B972500BE473B /* HomeViewController.swift */ = {isa = PBXFileReference; lastKnownFileType = sourcecode.swift; path = HomeViewController.swift; sourceTree = "<group>"; };
/* End PBXFileReference section */

/* Begin PBXFrameworksBuildPhase section */
		DCC70309237B6E8800BE473B /* Frameworks */ = {
			isa = PBXFrameworksBuildPhase;
			buildActionMask = 2147483647;
			files = (
			);
			runOnlyForDeploymentPostprocessing = 0;
		};
/* End PBXFrameworksBuildPhase section */

/* Begin PBXGroup section */
		DCC70303237B6E8800BE473B = {
			isa = PBXGroup;
			children = (
				DCC7030E237B6E8800BE473B /* ParticipApp */,
				DCC7030D237B6E8800BE473B /* Products */,
			);
			sourceTree = "<group>";
		};
		DCC7030D237B6E8800BE473B /* Products */ = {
			isa = PBXGroup;
			children = (
				DCC7030C237B6E8800BE473B /* ParticipApp.app */,
			);
			name = Products;
			sourceTree = "<group>";
		};
		DCC7030E237B6E8800BE473B /* ParticipApp */ = {
			isa = PBXGroup;
			children = (
				DCC7030F237B6E8800BE473B /* AppDelegate.swift */,
				DCC70311237B6E8800BE473B /* SceneDelegate.swift */,
				DC1707B1238258A100542077 /* CustomNavController.swift */,
				DCC70327237B972500BE473B /* HomeViewController.swift */,
				DCC70323237B70E000BE473B /* Main.storyboard */,
				DCC70318237B6E8800BE473B /* Assets.xcassets */,
				DCC7031A237B6E8800BE473B /* LaunchScreen.storyboard */,
				DCC7031D237B6E8800BE473B /* Info.plist */,
				DC0D46D1238667E300AB732E /* LoginViewController.swift */,
				DC0D46D52386783100AB732E /* SignupViewController.swift */,
			);
			path = ParticipApp;
			sourceTree = "<group>";
		};
/* End PBXGroup section */

/* Begin PBXNativeTarget section */
		DCC7030B237B6E8800BE473B /* ParticipApp */ = {
			isa = PBXNativeTarget;
			buildConfigurationList = DCC70320237B6E8800BE473B /* Build configuration list for PBXNativeTarget "ParticipApp" */;
			buildPhases = (
				DCC70308237B6E8800BE473B /* Sources */,
				DCC70309237B6E8800BE473B /* Frameworks */,
				DCC7030A237B6E8800BE473B /* Resources */,
			);
			buildRules = (
			);
			dependencies = (
			);
			name = ParticipApp;
			productName = ParticipApp;
			productReference = DCC7030C237B6E8800BE473B /* ParticipApp.app */;
			productType = "com.apple.product-type.application";
		};
/* End PBXNativeTarget section */

/* Begin PBXProject section */
		DCC70304237B6E8800BE473B /* Project object */ = {
			isa = PBXProject;
			attributes = {
				LastSwiftUpdateCheck = 1110;
				LastUpgradeCheck = 1110;
				ORGANIZATIONNAME = "Gerardo Silva Razo";
				TargetAttributes = {
					DCC7030B237B6E8800BE473B = {
						CreatedOnToolsVersion = 11.1;
					};
				};
			};
			buildConfigurationList = DCC70307237B6E8800BE473B /* Build configuration list for PBXProject "ParticipApp" */;
			compatibilityVersion = "Xcode 9.3";
			developmentRegion = en;
			hasScannedForEncodings = 0;
			knownRegions = (
				en,
				Base,
			);
			mainGroup = DCC70303237B6E8800BE473B;
			productRefGroup = DCC7030D237B6E8800BE473B /* Products */;
			projectDirPath = "";
			projectRoot = "";
			targets = (
				DCC7030B237B6E8800BE473B /* ParticipApp */,
			);
		};
/* End PBXProject section */

/* Begin PBXResourcesBuildPhase section */
		DCC7030A237B6E8800BE473B /* Resources */ = {
			isa = PBXResourcesBuildPhase;
			buildActionMask = 2147483647;
			files = (
				DCC7031C237B6E8800BE473B /* LaunchScreen.storyboard in Resources */,
				DCC70319237B6E8800BE473B /* Assets.xcassets in Resources */,
				DCC70324237B70E000BE473B /* Main.storyboard in Resources */,
			);
			runOnlyForDeploymentPostprocessing = 0;
		};
/* End PBXResourcesBuildPhase section */

/* Begin PBXSourcesBuildPhase section */
		DCC70308237B6E8800BE473B /* Sources */ = {
			isa = PBXSourcesBuildPhase;
			buildActionMask = 2147483647;
			files = (
				DC0D46D62386783100AB732E /* SignupViewController.swift in Sources */,
				DC1707B2238258A100542077 /* CustomNavController.swift in Sources */,
				DCC70310237B6E8800BE473B /* AppDelegate.swift in Sources */,
				DCC70312237B6E8800BE473B /* SceneDelegate.swift in Sources */,
				DC0D46D2238667E300AB732E /* LoginViewController.swift in Sources */,
				DCC70328237B972500BE473B /* HomeViewController.swift in Sources */,
			);
			runOnlyForDeploymentPostprocessing = 0;
		};
/* End PBXSourcesBuildPhase section */

/* Begin PBXVariantGroup section */
		DCC7031A237B6E8800BE473B /* LaunchScreen.storyboard */ = {
			isa = PBXVariantGroup;
			children = (
				DCC7031B237B6E8800BE473B /* Base */,
			);
			name = LaunchScreen.storyboard;
			sourceTree = "<group>";
		};
/* End PBXVariantGroup section */

/* Begin XCBuildConfiguration section */
		DCC7031E237B6E8800BE473B /* Debug */ = {
			isa = XCBuildConfiguration;
			buildSettings = {
				ALWAYS_SEARCH_USER_PATHS = NO;
				CLANG_ANALYZER_NONNULL = YES;
				CLANG_ANALYZER_NUMBER_OBJECT_CONVERSION = YES_AGGRESSIVE;
				CLANG_CXX_LANGUAGE_STANDARD = "gnu++14";
				CLANG_CXX_LIBRARY = "libc++";
				CLANG_ENABLE_MODULES = YES;
				CLANG_ENABLE_OBJC_ARC = YES;
				CLANG_ENABLE_OBJC_WEAK = YES;
				CLANG_WARN_BLOCK_CAPTURE_AUTORELEASING = YES;
				CLANG_WARN_BOOL_CONVERSION = YES;
				CLANG_WARN_COMMA = YES;
				CLANG_WARN_CONSTANT_CONVERSION = YES;
				CLANG_WARN_DEPRECATED_OBJC_IMPLEMENTATIONS = YES;
				CLANG_WARN_DIRECT_OBJC_ISA_USAGE = YES_ERROR;
				CLANG_WARN_DOCUMENTATION_COMMENTS = YES;
				CLANG_WARN_EMPTY_BODY = YES;
				CLANG_WARN_ENUM_CONVERSION = YES;
				CLANG_WARN_INFINITE_RECURSION = YES;
				CLANG_WARN_INT_CONVERSION = YES;
				CLANG_WARN_NON_LITERAL_NULL_CONVERSION = YES;
				CLANG_WARN_OBJC_IMPLICIT_RETAIN_SELF = YES;
				CLANG_WARN_OBJC_LITERAL_CONVERSION = YES;
				CLANG_WARN_OBJC_ROOT_CLASS = YES_ERROR;
				CLANG_WARN_RANGE_LOOP_ANALYSIS = YES;
				CLANG_WARN_STRICT_PROTOTYPES = YES;
				CLANG_WARN_SUSPICIOUS_MOVE = YES;
				CLANG_WARN_UNGUARDED_AVAILABILITY = YES_AGGRESSIVE;
				CLANG_WARN_UNREACHABLE_CODE = YES;
				CLANG_WARN__DUPLICATE_METHOD_MATCH = YES;
				COPY_PHASE_STRIP = NO;
				DEBUG_INFORMATION_FORMAT = dwarf;
				ENABLE_STRICT_OBJC_MSGSEND = YES;
				ENABLE_TESTABILITY = YES;
				GCC_C_LANGUAGE_STANDARD = gnu11;
				GCC_DYNAMIC_NO_PIC = NO;
				GCC_NO_COMMON_BLOCKS = YES;
				GCC_OPTIMIZATION_LEVEL = 0;
				GCC_PREPROCESSOR_DEFINITIONS = (
					"DEBUG=1",
					"$(inherited)",
				);
				GCC_WARN_64_TO_32_BIT_CONVERSION = YES;
				GCC_WARN_ABOUT_RETURN_TYPE = YES_ERROR;
				GCC_WARN_UNDECLARED_SELECTOR = YES;
				GCC_WARN_UNINITIALIZED_AUTOS = YES_AGGRESSIVE;
				GCC_WARN_UNUSED_FUNCTION = YES;
				GCC_WARN_UNUSED_VARIABLE = YES;
				IPHONEOS_DEPLOYMENT_TARGET = 13.1;
				MTL_ENABLE_DEBUG_INFO = INCLUDE_SOURCE;
				MTL_FAST_MATH = YES;
				ONLY_ACTIVE_ARCH = YES;
				SDKROOT = iphoneos;
				SWIFT_ACTIVE_COMPILATION_CONDITIONS = DEBUG;
				SWIFT_OPTIMIZATION_LEVEL = "-Onone";
			};
			name = Debug;
		};
		DCC7031F237B6E8800BE473B /* Release */ = {
			isa = XCBuildConfiguration;
			buildSettings = {
				ALWAYS_SEARCH_USER_PATHS = NO;
				CLANG_ANALYZER_NONNULL = YES;
				CLANG_ANALYZER_NUMBER_OBJECT_CONVERSION = YES_AGGRESSIVE;
				CLANG_CXX_LANGUAGE_STANDARD = "gnu++14";
				CLANG_CXX_LIBRARY = "libc++";
				CLANG_ENABLE_MODULES = YES;
				CLANG_ENABLE_OBJC_ARC = YES;
				CLANG_ENABLE_OBJC_WEAK = YES;
				CLANG_WARN_BLOCK_CAPTURE_AUTORELEASING = YES;
				CLANG_WARN_BOOL_CONVERSION = YES;
				CLANG_WARN_COMMA = YES;
				CLANG_WARN_CONSTANT_CONVERSION = YES;
				CLANG_WARN_DEPRECATED_OBJC_IMPLEMENTATIONS = YES;
				CLANG_WARN_DIRECT_OBJC_ISA_USAGE = YES_ERROR;
				CLANG_WARN_DOCUMENTATION_COMMENTS = YES;
				CLANG_WARN_EMPTY_BODY = YES;
				CLANG_WARN_ENUM_CONVERSION = YES;
				CLANG_WARN_INFINITE_RECURSION = YES;
				CLANG_WARN_INT_CONVERSION = YES;
				CLANG_WARN_NON_LITERAL_NULL_CONVERSION = YES;
				CLANG_WARN_OBJC_IMPLICIT_RETAIN_SELF = YES;
				CLANG_WARN_OBJC_LITERAL_CONVERSION = YES;
				CLANG_WARN_OBJC_ROOT_CLASS = YES_ERROR;
				CLANG_WARN_RANGE_LOOP_ANALYSIS = YES;
				CLANG_WARN_STRICT_PROTOTYPES = YES;
				CLANG_WARN_SUSPICIOUS_MOVE = YES;
				CLANG_WARN_UNGUARDED_AVAILABILITY = YES_AGGRESSIVE;
				CLANG_WARN_UNREACHABLE_CODE = YES;
				CLANG_WARN__DUPLICATE_METHOD_MATCH = YES;
				COPY_PHASE_STRIP = NO;
				DEBUG_INFORMATION_FORMAT = "dwarf-with-dsym";
				ENABLE_NS_ASSERTIONS = NO;
				ENABLE_STRICT_OBJC_MSGSEND = YES;
				GCC_C_LANGUAGE_STANDARD = gnu11;
				GCC_NO_COMMON_BLOCKS = YES;
				GCC_WARN_64_TO_32_BIT_CONVERSION = YES;
				GCC_WARN_ABOUT_RETURN_TYPE = YES_ERROR;
				GCC_WARN_UNDECLARED_SELECTOR = YES;
				GCC_WARN_UNINITIALIZED_AUTOS = YES_AGGRESSIVE;
				GCC_WARN_UNUSED_FUNCTION = YES;
				GCC_WARN_UNUSED_VARIABLE = YES;
				IPHONEOS_DEPLOYMENT_TARGET = 13.1;
				MTL_ENABLE_DEBUG_INFO = NO;
				MTL_FAST_MATH = YES;
				SDKROOT = iphoneos;
				SWIFT_COMPILATION_MODE = wholemodule;
				SWIFT_OPTIMIZATION_LEVEL = "-O";
				VALIDATE_PRODUCT = YES;
			};
			name = Release;
		};
		DCC70321237B6E8800BE473B /* Debug */ = {
			isa = XCBuildConfiguration;
			buildSettings = {
				ASSETCATALOG_COMPILER_APPICON_NAME = AppIcon;
				CODE_SIGN_STYLE = Automatic;
				DEVELOPMENT_TEAM = QCZTAR6NWV;
				INFOPLIST_FILE = ParticipApp/Info.plist;
				LD_RUNPATH_SEARCH_PATHS = (
					"$(inherited)",
					"@executable_path/Frameworks",
				);
				PRODUCT_BUNDLE_IDENTIFIER = mx.itesm.A01136536.ParticipApp;
				PRODUCT_NAME = "$(TARGET_NAME)";
				SWIFT_VERSION = 5.0;
				TARGETED_DEVICE_FAMILY = 1;
			};
			name = Debug;
		};
		DCC70322237B6E8800BE473B /* Release */ = {
			isa = XCBuildConfiguration;
			buildSettings = {
				ASSETCATALOG_COMPILER_APPICON_NAME = AppIcon;
				CODE_SIGN_STYLE = Automatic;
				DEVELOPMENT_TEAM = QCZTAR6NWV;
				INFOPLIST_FILE = ParticipApp/Info.plist;
				LD_RUNPATH_SEARCH_PATHS = (
					"$(inherited)",
					"@executable_path/Frameworks",
				);
				PRODUCT_BUNDLE_IDENTIFIER = mx.itesm.A01136536.ParticipApp;
				PRODUCT_NAME = "$(TARGET_NAME)";
				SWIFT_VERSION = 5.0;
				TARGETED_DEVICE_FAMILY = 1;
			};
			name = Release;
		};
/* End XCBuildConfiguration section */

/* Begin XCConfigurationList section */
		DCC70307237B6E8800BE473B /* Build configuration list for PBXProject "ParticipApp" */ = {
			isa = XCConfigurationList;
			buildConfigurations = (
				DCC7031E237B6E8800BE473B /* Debug */,
				DCC7031F237B6E8800BE473B /* Release */,
			);
			defaultConfigurationIsVisible = 0;
			defaultConfigurationName = Release;
		};
		DCC70320237B6E8800BE473B /* Build configuration list for PBXNativeTarget "ParticipApp" */ = {
			isa = XCConfigurationList;
			buildConfigurations = (
				DCC70321237B6E8800BE473B /* Debug */,
				DCC70322237B6E8800BE473B /* Release */,
			);
			defaultConfigurationIsVisible = 0;
			defaultConfigurationName = Release;
		};
/* End XCConfigurationList section */
	};
	rootObject = DCC70304237B6E8800BE473B /* Project object */;
}
